
Microsoft Visual Studio Solution File, Format Version 12.00
# Visual Studio Version 17
VisualStudioVersion = 17.1.32407.343
MinimumVisualStudioVersion = 10.0.40219.1
Project("{FAE04EC0-301F-11D3-BF4B-00C04F79EFBC}") = "Alphabet", "Alphabet\Alphabet.csproj", "{0050B45E-53FF-4C6B-981F-1150A305CFBB}"
EndProject
Project("{FAE04EC0-301F-11D3-BF4B-00C04F79EFBC}") = "EditingRegistrationApp", "Начальная версия EditingRegistrationApp\[300722] EditingRegistrationApp\EditingRegistrationApp\EditingRegistrationApp.csproj", "{07F93D9D-ED93-4EEC-BBCA-88C95C775C07}"
EndProject
Global
	GlobalSection(SolutionConfigurationPlatforms) = preSolution
		Debug|Any CPU = Debug|Any CPU
		Release|Any CPU = Release|Any CPU
	EndGlobalSection
	GlobalSection(ProjectConfigurationPlatforms) = postSolution
		{0050B45E-53FF-4C6B-981F-1150A305CFBB}.Debug|Any CPU.ActiveCfg = Debug|Any CPU
		{0050B45E-53FF-4C6B-981F-1150A305CFBB}.Debug|Any CPU.Build.0 = Debug|Any CPU
		{0050B45E-53FF-4C6B-981F-1150A305CFBB}.Release|Any CPU.ActiveCfg = Release|Any CPU
		{0050B45E-53FF-4C6B-981F-1150A305CFBB}.Release|Any CPU.Build.0 = Release|Any CPU
		{07F93D9D-ED93-4EEC-BBCA-88C95C775C07}.Debug|Any CPU.ActiveCfg = Debug|Any CPU
		{07F93D9D-ED93-4EEC-BBCA-88C95C775C07}.Debug|Any CPU.Build.0 = Debug|Any CPU
		{07F93D9D-ED93-4EEC-BBCA-88C95C775C07}.Release|Any CPU.ActiveCfg = Release|Any CPU
		{07F93D9D-ED93-4EEC-BBCA-88C95C775C07}.Release|Any CPU.Build.0 = Release|Any CPU
	EndGlobalSection
	GlobalSection(SolutionProperties) = preSolution
		HideSolutionNode = FALSE
	EndGlobalSection
	GlobalSection(ExtensibilityGlobals) = postSolution
		SolutionGuid = {40718996-EF7F-499B-8A58-77A595BFFE25}
	EndGlobalSection
EndGlobal
